
Microsoft Visual Studio Solution File, Format Version 12.00
# Visual Studio Version 17
VisualStudioVersion = 17.7.34024.191
MinimumVisualStudioVersion = 10.0.40219.1
Project("{9A19103F-16F7-4668-BE54-9A1E7A4F7556}") = "Q1_PRN_Sum22_B1", "Q1_PRN_Sum22_B1\Q1_PRN_Sum22_B1.csproj", "{E33D25F2-FCFF-43BA-9FE4-84DB2EF863E3}"
EndProject
Project("{9A19103F-16F7-4668-BE54-9A1E7A4F7556}") = "Q2_PRN_Sum22_B1", "Q2_PRN_Sum22_B1\Q2_PRN_Sum22_B1.csproj", "{951C6FCD-661A-45D0-8701-459D944653A6}"
EndProject
Project("{9A19103F-16F7-4668-BE54-9A1E7A4F7556}") = "Q1_PE_PRN231_Trial_02", "Q1_PE_PRN231_Trial_02\Q1_PE_PRN231_Trial_02.csproj", "{D83FBA92-4E57-4F8E-B283-E8854B2A4A86}"
EndProject
Project("{9A19103F-16F7-4668-BE54-9A1E7A4F7556}") = "Q2_PE_PRN231_Trial_02", "Q2_PE_PRN231_Trial_02\Q2_PE_PRN231_Trial_02.csproj", "{A606AEF5-7B83-4373-8271-D7FF75BB1546}"
EndProject
Project("{9A19103F-16F7-4668-BE54-9A1E7A4F7556}") = "Q1_PE_PRN_Fall22B1", "Q1_PE_PRN_Fall22B1\Q1_PE_PRN_Fall22B1.csproj", "{CCA3E6B9-51C4-4181-8221-2B6DAB1CF023}"
EndProject
Project("{9A19103F-16F7-4668-BE54-9A1E7A4F7556}") = "Q2_PE_PRN_Fall22B1", "Q2_PE_PRN_Fall22B1\Q2_PE_PRN_Fall22B1.csproj", "{F15C730E-31B9-4964-B0CF-5FF8BB93D9D2}"
EndProject
Project("{9A19103F-16F7-4668-BE54-9A1E7A4F7556}") = "Q1_SpringB1_Script", "Q1_SpringB1_Script\Q1_SpringB1_Script.csproj", "{6CF9028B-4709-428D-B9B8-8F80A9CCD90D}"
EndProject
Project("{9A19103F-16F7-4668-BE54-9A1E7A4F7556}") = "Q2_SpringB1_Script", "Q2_SpringB1_Script\Q2_SpringB1_Script.csproj", "{E6338729-C1CE-4642-820F-92631AE5E46F}"
EndProject
Project("{9A19103F-16F7-4668-BE54-9A1E7A4F7556}") = "Q1_PE_PRN_23Sum", "Q1_PE_PRN_23Sum\Q1_PE_PRN_23Sum.csproj", "{A474EC71-DA93-4918-B5F0-5A1E83B9B817}"
EndProject
Project("{9A19103F-16F7-4668-BE54-9A1E7A4F7556}") = "Q2_PE_PRN_23Sum", "Q2_PE_PRN_23Sum\Q2_PE_PRN_23Sum.csproj", "{F77C6482-E677-451F-94D2-AA282CFA714C}"
EndProject
Project("{9A19103F-16F7-4668-BE54-9A1E7A4F7556}") = "Q1_PE1", "Q1_PE1\Q1_PE1.csproj", "{97FDDBCC-DBE3-40B6-A394-8034B662D48E}"
EndProject
Project("{9A19103F-16F7-4668-BE54-9A1E7A4F7556}") = "Q1_PE2", "Q1_PE2\Q1_PE2.csproj", "{0E4E8880-B104-4CDE-B744-5E7B6C21494C}"
EndProject
Project("{FAE04EC0-301F-11D3-BF4B-00C04F79EFBC}") = "Q1_PE3", "Q1_PE3\Q1_PE3.csproj", "{79D84018-4124-445F-8519-731431FEBDA5}"
EndProject
Project("{FAE04EC0-301F-11D3-BF4B-00C04F79EFBC}") = "Q1_PE4", "Q1_PE4\Q1_PE4.csproj", "{49FF6233-4564-4FA9-BF2A-31BE829B2CAF}"
EndProject
Project("{FAE04EC0-301F-11D3-BF4B-00C04F79EFBC}") = "Q1_PE5", "Q1_PE5\Q1_PE5.csproj", "{E676C7F3-7B96-4BEC-A8F9-A2FCEAC60B58}"
EndProject
Project("{FAE04EC0-301F-11D3-BF4B-00C04F79EFBC}") = "Q1_PE6", "Q1_PE6\Q1_PE6.csproj", "{FBDF48B0-7100-412D-816D-3D4D9F6B98EB}"
EndProject
Global
	GlobalSection(SolutionConfigurationPlatforms) = preSolution
		Debug|Any CPU = Debug|Any CPU
		Release|Any CPU = Release|Any CPU
	EndGlobalSection
	GlobalSection(ProjectConfigurationPlatforms) = postSolution
		{E33D25F2-FCFF-43BA-9FE4-84DB2EF863E3}.Debug|Any CPU.ActiveCfg = Debug|Any CPU
		{E33D25F2-FCFF-43BA-9FE4-84DB2EF863E3}.Debug|Any CPU.Build.0 = Debug|Any CPU
		{E33D25F2-FCFF-43BA-9FE4-84DB2EF863E3}.Release|Any CPU.ActiveCfg = Release|Any CPU
		{E33D25F2-FCFF-43BA-9FE4-84DB2EF863E3}.Release|Any CPU.Build.0 = Release|Any CPU
		{951C6FCD-661A-45D0-8701-459D944653A6}.Debug|Any CPU.ActiveCfg = Debug|Any CPU
		{951C6FCD-661A-45D0-8701-459D944653A6}.Debug|Any CPU.Build.0 = Debug|Any CPU
		{951C6FCD-661A-45D0-8701-459D944653A6}.Release|Any CPU.ActiveCfg = Release|Any CPU
		{951C6FCD-661A-45D0-8701-459D944653A6}.Release|Any CPU.Build.0 = Release|Any CPU
		{D83FBA92-4E57-4F8E-B283-E8854B2A4A86}.Debug|Any CPU.ActiveCfg = Debug|Any CPU
		{D83FBA92-4E57-4F8E-B283-E8854B2A4A86}.Debug|Any CPU.Build.0 = Debug|Any CPU
		{D83FBA92-4E57-4F8E-B283-E8854B2A4A86}.Release|Any CPU.ActiveCfg = Release|Any CPU
		{D83FBA92-4E57-4F8E-B283-E8854B2A4A86}.Release|Any CPU.Build.0 = Release|Any CPU
		{A606AEF5-7B83-4373-8271-D7FF75BB1546}.Debug|Any CPU.ActiveCfg = Debug|Any CPU
		{A606AEF5-7B83-4373-8271-D7FF75BB1546}.Debug|Any CPU.Build.0 = Debug|Any CPU
		{A606AEF5-7B83-4373-8271-D7FF75BB1546}.Release|Any CPU.ActiveCfg = Release|Any CPU
		{A606AEF5-7B83-4373-8271-D7FF75BB1546}.Release|Any CPU.Build.0 = Release|Any CPU
		{CCA3E6B9-51C4-4181-8221-2B6DAB1CF023}.Debug|Any CPU.ActiveCfg = Debug|Any CPU
		{CCA3E6B9-51C4-4181-8221-2B6DAB1CF023}.Debug|Any CPU.Build.0 = Debug|Any CPU
		{CCA3E6B9-51C4-4181-8221-2B6DAB1CF023}.Release|Any CPU.ActiveCfg = Release|Any CPU
		{CCA3E6B9-51C4-4181-8221-2B6DAB1CF023}.Release|Any CPU.Build.0 = Release|Any CPU
		{F15C730E-31B9-4964-B0CF-5FF8BB93D9D2}.Debug|Any CPU.ActiveCfg = Debug|Any CPU
		{F15C730E-31B9-4964-B0CF-5FF8BB93D9D2}.Debug|Any CPU.Build.0 = Debug|Any CPU
		{F15C730E-31B9-4964-B0CF-5FF8BB93D9D2}.Release|Any CPU.ActiveCfg = Release|Any CPU
		{F15C730E-31B9-4964-B0CF-5FF8BB93D9D2}.Release|Any CPU.Build.0 = Release|Any CPU
		{6CF9028B-4709-428D-B9B8-8F80A9CCD90D}.Debug|Any CPU.ActiveCfg = Debug|Any CPU
		{6CF9028B-4709-428D-B9B8-8F80A9CCD90D}.Debug|Any CPU.Build.0 = Debug|Any CPU
		{6CF9028B-4709-428D-B9B8-8F80A9CCD90D}.Release|Any CPU.ActiveCfg = Release|Any CPU
		{6CF9028B-4709-428D-B9B8-8F80A9CCD90D}.Release|Any CPU.Build.0 = Release|Any CPU
		{E6338729-C1CE-4642-820F-92631AE5E46F}.Debug|Any CPU.ActiveCfg = Debug|Any CPU
		{E6338729-C1CE-4642-820F-92631AE5E46F}.Debug|Any CPU.Build.0 = Debug|Any CPU
		{E6338729-C1CE-4642-820F-92631AE5E46F}.Release|Any CPU.ActiveCfg = Release|Any CPU
		{E6338729-C1CE-4642-820F-92631AE5E46F}.Release|Any CPU.Build.0 = Release|Any CPU
		{A474EC71-DA93-4918-B5F0-5A1E83B9B817}.Debug|Any CPU.ActiveCfg = Debug|Any CPU
		{A474EC71-DA93-4918-B5F0-5A1E83B9B817}.Debug|Any CPU.Build.0 = Debug|Any CPU
		{A474EC71-DA93-4918-B5F0-5A1E83B9B817}.Release|Any CPU.ActiveCfg = Release|Any CPU
		{A474EC71-DA93-4918-B5F0-5A1E83B9B817}.Release|Any CPU.Build.0 = Release|Any CPU
		{F77C6482-E677-451F-94D2-AA282CFA714C}.Debug|Any CPU.ActiveCfg = Debug|Any CPU
		{F77C6482-E677-451F-94D2-AA282CFA714C}.Debug|Any CPU.Build.0 = Debug|Any CPU
		{F77C6482-E677-451F-94D2-AA282CFA714C}.Release|Any CPU.ActiveCfg = Release|Any CPU
		{F77C6482-E677-451F-94D2-AA282CFA714C}.Release|Any CPU.Build.0 = Release|Any CPU
		{97FDDBCC-DBE3-40B6-A394-8034B662D48E}.Debug|Any CPU.ActiveCfg = Debug|Any CPU
		{97FDDBCC-DBE3-40B6-A394-8034B662D48E}.Debug|Any CPU.Build.0 = Debug|Any CPU
		{97FDDBCC-DBE3-40B6-A394-8034B662D48E}.Release|Any CPU.ActiveCfg = Release|Any CPU
		{97FDDBCC-DBE3-40B6-A394-8034B662D48E}.Release|Any CPU.Build.0 = Release|Any CPU
		{0E4E8880-B104-4CDE-B744-5E7B6C21494C}.Debug|Any CPU.ActiveCfg = Debug|Any CPU
		{0E4E8880-B104-4CDE-B744-5E7B6C21494C}.Debug|Any CPU.Build.0 = Debug|Any CPU
		{0E4E8880-B104-4CDE-B744-5E7B6C21494C}.Release|Any CPU.ActiveCfg = Release|Any CPU
		{0E4E8880-B104-4CDE-B744-5E7B6C21494C}.Release|Any CPU.Build.0 = Release|Any CPU
		{79D84018-4124-445F-8519-731431FEBDA5}.Debug|Any CPU.ActiveCfg = Debug|Any CPU
		{79D84018-4124-445F-8519-731431FEBDA5}.Debug|Any CPU.Build.0 = Debug|Any CPU
		{79D84018-4124-445F-8519-731431FEBDA5}.Release|Any CPU.ActiveCfg = Release|Any CPU
		{79D84018-4124-445F-8519-731431FEBDA5}.Release|Any CPU.Build.0 = Release|Any CPU
		{49FF6233-4564-4FA9-BF2A-31BE829B2CAF}.Debug|Any CPU.ActiveCfg = Debug|Any CPU
		{49FF6233-4564-4FA9-BF2A-31BE829B2CAF}.Debug|Any CPU.Build.0 = Debug|Any CPU
		{49FF6233-4564-4FA9-BF2A-31BE829B2CAF}.Release|Any CPU.ActiveCfg = Release|Any CPU
		{49FF6233-4564-4FA9-BF2A-31BE829B2CAF}.Release|Any CPU.Build.0 = Release|Any CPU
		{E676C7F3-7B96-4BEC-A8F9-A2FCEAC60B58}.Debug|Any CPU.ActiveCfg = Debug|Any CPU
		{E676C7F3-7B96-4BEC-A8F9-A2FCEAC60B58}.Debug|Any CPU.Build.0 = Debug|Any CPU
		{E676C7F3-7B96-4BEC-A8F9-A2FCEAC60B58}.Release|Any CPU.ActiveCfg = Release|Any CPU
		{E676C7F3-7B96-4BEC-A8F9-A2FCEAC60B58}.Release|Any CPU.Build.0 = Release|Any CPU
		{FBDF48B0-7100-412D-816D-3D4D9F6B98EB}.Debug|Any CPU.ActiveCfg = Debug|Any CPU
		{FBDF48B0-7100-412D-816D-3D4D9F6B98EB}.Debug|Any CPU.Build.0 = Debug|Any CPU
		{FBDF48B0-7100-412D-816D-3D4D9F6B98EB}.Release|Any CPU.ActiveCfg = Release|Any CPU
		{FBDF48B0-7100-412D-816D-3D4D9F6B98EB}.Release|Any CPU.Build.0 = Release|Any CPU
	EndGlobalSection
	GlobalSection(SolutionProperties) = preSolution
		HideSolutionNode = FALSE
	EndGlobalSection
	GlobalSection(ExtensibilityGlobals) = postSolution
		SolutionGuid = {8E70A12D-DCB2-44FE-B660-5D7EC44102ED}
	EndGlobalSection
EndGlobal
